// !$*UTF8*$!
{
	archiveVersion = 1;
	classes = {
	};
	objectVersion = 56;
	objects = {

/* Begin PBXBuildFile section */
		6B015A722A4E7962006B6C11 /* CurrencyFormatterTests.swift in Sources */ = {isa = PBXBuildFile; fileRef = 6B015A712A4E7962006B6C11 /* CurrencyFormatterTests.swift */; };
		6B4AD90B2A44075900616B95 /* AppDelegate.swift in Sources */ = {isa = PBXBuildFile; fileRef = 6B4AD90A2A44075900616B95 /* AppDelegate.swift */; };
		6B4AD90F2A44075900616B95 /* LoginViewController.swift in Sources */ = {isa = PBXBuildFile; fileRef = 6B4AD90E2A44075900616B95 /* LoginViewController.swift */; };
		6B4AD9142A44075A00616B95 /* Assets.xcassets in Resources */ = {isa = PBXBuildFile; fileRef = 6B4AD9132A44075A00616B95 /* Assets.xcassets */; };
		6B4AD9172A44075A00616B95 /* LaunchScreen.storyboard in Resources */ = {isa = PBXBuildFile; fileRef = 6B4AD9152A44075A00616B95 /* LaunchScreen.storyboard */; };
		6B4AD9212A4419D600616B95 /* LoginView.swift in Sources */ = {isa = PBXBuildFile; fileRef = 6B4AD9202A4419D600616B95 /* LoginView.swift */; };
		6B4AD9242A46B51500616B95 /* OnboardingContainerViewController.swift in Sources */ = {isa = PBXBuildFile; fileRef = 6B4AD9232A46B51500616B95 /* OnboardingContainerViewController.swift */; };
		6B4AD9262A46D18C00616B95 /* OnboardingViewController.swift in Sources */ = {isa = PBXBuildFile; fileRef = 6B4AD9252A46D18C00616B95 /* OnboardingViewController.swift */; };
		6B4AD9282A49664D00616B95 /* DummyViewController.swift in Sources */ = {isa = PBXBuildFile; fileRef = 6B4AD9272A49664D00616B95 /* DummyViewController.swift */; };
		6B4AD92B2A49753100616B95 /* LocalState.swift in Sources */ = {isa = PBXBuildFile; fileRef = 6B4AD92A2A49753100616B95 /* LocalState.swift */; };
		6B4AD92D2A4A7FF400616B95 /* UIViewController+Utils.swift in Sources */ = {isa = PBXBuildFile; fileRef = 6B4AD92C2A4A7FF400616B95 /* UIViewController+Utils.swift */; };
		6B4AD92F2A4A820000616B95 /* MainViewController.swift in Sources */ = {isa = PBXBuildFile; fileRef = 6B4AD92E2A4A820000616B95 /* MainViewController.swift */; };
		6B4AD9322A4BC5C600616B95 /* AccountSummaryViewController.swift in Sources */ = {isa = PBXBuildFile; fileRef = 6B4AD9312A4BC5C600616B95 /* AccountSummaryViewController.swift */; };
		6B4AD9342A4BD07F00616B95 /* AccountSummaryHeaderView.swift in Sources */ = {isa = PBXBuildFile; fileRef = 6B4AD9332A4BD07F00616B95 /* AccountSummaryHeaderView.swift */; };
		6B4AD9362A4BD1F200616B95 /* AccountSummaryHeaderView.xib in Resources */ = {isa = PBXBuildFile; fileRef = 6B4AD9352A4BD1F200616B95 /* AccountSummaryHeaderView.xib */; };
		6BE7A6BE2A4D07D3006CE1A2 /* AccountSummaryCell.swift in Sources */ = {isa = PBXBuildFile; fileRef = 6BE7A6BD2A4D07D3006CE1A2 /* AccountSummaryCell.swift */; };
		6BE7A6C02A4E50CA006CE1A2 /* DecimalUtils.swift in Sources */ = {isa = PBXBuildFile; fileRef = 6BE7A6BF2A4E50CA006CE1A2 /* DecimalUtils.swift */; };
		6BE7A6C22A4E5195006CE1A2 /* CurrencyFormatter.swift in Sources */ = {isa = PBXBuildFile; fileRef = 6BE7A6C12A4E5195006CE1A2 /* CurrencyFormatter.swift */; };
/* End PBXBuildFile section */

/* Begin PBXContainerItemProxy section */
		6B54C3DA2A4E732300677E44 /* PBXContainerItemProxy */ = {
			isa = PBXContainerItemProxy;
			containerPortal = 6B4AD8FF2A44075900616B95 /* Project object */;
			proxyType = 1;
			remoteGlobalIDString = 6B4AD9062A44075900616B95;
			remoteInfo = Bankey;
		};
/* End PBXContainerItemProxy section */

/* Begin PBXFileReference section */
		6B015A712A4E7962006B6C11 /* CurrencyFormatterTests.swift */ = {isa = PBXFileReference; lastKnownFileType = sourcecode.swift; path = CurrencyFormatterTests.swift; sourceTree = "<group>"; };
		6B4AD9072A44075900616B95 /* Bankey.app */ = {isa = PBXFileReference; explicitFileType = wrapper.application; includeInIndex = 0; path = Bankey.app; sourceTree = BUILT_PRODUCTS_DIR; };
		6B4AD90A2A44075900616B95 /* AppDelegate.swift */ = {isa = PBXFileReference; lastKnownFileType = sourcecode.swift; path = AppDelegate.swift; sourceTree = "<group>"; };
		6B4AD90E2A44075900616B95 /* LoginViewController.swift */ = {isa = PBXFileReference; lastKnownFileType = sourcecode.swift; path = LoginViewController.swift; sourceTree = "<group>"; };
		6B4AD9132A44075A00616B95 /* Assets.xcassets */ = {isa = PBXFileReference; lastKnownFileType = folder.assetcatalog; path = Assets.xcassets; sourceTree = "<group>"; };
		6B4AD9162A44075A00616B95 /* Base */ = {isa = PBXFileReference; lastKnownFileType = file.storyboard; name = Base; path = Base.lproj/LaunchScreen.storyboard; sourceTree = "<group>"; };
		6B4AD9182A44075A00616B95 /* Info.plist */ = {isa = PBXFileReference; lastKnownFileType = text.plist.xml; path = Info.plist; sourceTree = "<group>"; };
		6B4AD9202A4419D600616B95 /* LoginView.swift */ = {isa = PBXFileReference; lastKnownFileType = sourcecode.swift; path = LoginView.swift; sourceTree = "<group>"; };
		6B4AD9232A46B51500616B95 /* OnboardingContainerViewController.swift */ = {isa = PBXFileReference; lastKnownFileType = sourcecode.swift; path = OnboardingContainerViewController.swift; sourceTree = "<group>"; };
		6B4AD9252A46D18C00616B95 /* OnboardingViewController.swift */ = {isa = PBXFileReference; lastKnownFileType = sourcecode.swift; path = OnboardingViewController.swift; sourceTree = "<group>"; };
		6B4AD9272A49664D00616B95 /* DummyViewController.swift */ = {isa = PBXFileReference; lastKnownFileType = sourcecode.swift; path = DummyViewController.swift; sourceTree = "<group>"; };
		6B4AD92A2A49753100616B95 /* LocalState.swift */ = {isa = PBXFileReference; lastKnownFileType = sourcecode.swift; path = LocalState.swift; sourceTree = "<group>"; };
		6B4AD92C2A4A7FF400616B95 /* UIViewController+Utils.swift */ = {isa = PBXFileReference; lastKnownFileType = sourcecode.swift; path = "UIViewController+Utils.swift"; sourceTree = "<group>"; };
		6B4AD92E2A4A820000616B95 /* MainViewController.swift */ = {isa = PBXFileReference; lastKnownFileType = sourcecode.swift; path = MainViewController.swift; sourceTree = "<group>"; };
		6B4AD9312A4BC5C600616B95 /* AccountSummaryViewController.swift */ = {isa = PBXFileReference; lastKnownFileType = sourcecode.swift; path = AccountSummaryViewController.swift; sourceTree = "<group>"; };
		6B4AD9332A4BD07F00616B95 /* AccountSummaryHeaderView.swift */ = {isa = PBXFileReference; lastKnownFileType = sourcecode.swift; path = AccountSummaryHeaderView.swift; sourceTree = "<group>"; };
		6B4AD9352A4BD1F200616B95 /* AccountSummaryHeaderView.xib */ = {isa = PBXFileReference; lastKnownFileType = file.xib; path = AccountSummaryHeaderView.xib; sourceTree = "<group>"; };
		6B54C3D62A4E732300677E44 /* BankeyUnitTests.xctest */ = {isa = PBXFileReference; explicitFileType = wrapper.cfbundle; includeInIndex = 0; path = BankeyUnitTests.xctest; sourceTree = BUILT_PRODUCTS_DIR; };
		6BE7A6BD2A4D07D3006CE1A2 /* AccountSummaryCell.swift */ = {isa = PBXFileReference; lastKnownFileType = sourcecode.swift; path = AccountSummaryCell.swift; sourceTree = "<group>"; };
		6BE7A6BF2A4E50CA006CE1A2 /* DecimalUtils.swift */ = {isa = PBXFileReference; lastKnownFileType = sourcecode.swift; path = DecimalUtils.swift; sourceTree = "<group>"; };
		6BE7A6C12A4E5195006CE1A2 /* CurrencyFormatter.swift */ = {isa = PBXFileReference; lastKnownFileType = sourcecode.swift; path = CurrencyFormatter.swift; sourceTree = "<group>"; };
/* End PBXFileReference section */

/* Begin PBXFrameworksBuildPhase section */
		6B4AD9042A44075900616B95 /* Frameworks */ = {
			isa = PBXFrameworksBuildPhase;
			buildActionMask = 2147483647;
			files = (
			);
			runOnlyForDeploymentPostprocessing = 0;
		};
		6B54C3D32A4E732300677E44 /* Frameworks */ = {
			isa = PBXFrameworksBuildPhase;
			buildActionMask = 2147483647;
			files = (
			);
			runOnlyForDeploymentPostprocessing = 0;
		};
/* End PBXFrameworksBuildPhase section */

/* Begin PBXGroup section */
		6B4AD8FE2A44075900616B95 = {
			isa = PBXGroup;
			children = (
				6B4AD9092A44075900616B95 /* Bankey */,
				6B54C3D72A4E732300677E44 /* BankeyUnitTests */,
				6B4AD9082A44075900616B95 /* Products */,
			);
			sourceTree = "<group>";
		};
		6B4AD9082A44075900616B95 /* Products */ = {
			isa = PBXGroup;
			children = (
				6B4AD9072A44075900616B95 /* Bankey.app */,
				6B54C3D62A4E732300677E44 /* BankeyUnitTests.xctest */,
			);
			name = Products;
			sourceTree = "<group>";
		};
		6B4AD9092A44075900616B95 /* Bankey */ = {
			isa = PBXGroup;
			children = (
				6B4AD90A2A44075900616B95 /* AppDelegate.swift */,
				6B4AD92E2A4A820000616B95 /* MainViewController.swift */,
				6B4AD91F2A44198900616B95 /* Login */,
				6B4AD9222A46B48800616B95 /* Onboarding */,
				6B4AD9302A4BC58A00616B95 /* AccountSummary */,
				6B4AD9292A49750B00616B95 /* Utils */,
				6B4AD91E2A44191900616B95 /* Files */,
			);
			path = Bankey;
			sourceTree = "<group>";
		};
		6B4AD91E2A44191900616B95 /* Files */ = {
			isa = PBXGroup;
			children = (
				6B4AD9132A44075A00616B95 /* Assets.xcassets */,
				6B4AD9152A44075A00616B95 /* LaunchScreen.storyboard */,
				6B4AD9182A44075A00616B95 /* Info.plist */,
			);
			name = Files;
			sourceTree = "<group>";
		};
		6B4AD91F2A44198900616B95 /* Login */ = {
			isa = PBXGroup;
			children = (
				6B4AD90E2A44075900616B95 /* LoginViewController.swift */,
				6B4AD9202A4419D600616B95 /* LoginView.swift */,
				6B4AD9272A49664D00616B95 /* DummyViewController.swift */,
			);
			path = Login;
			sourceTree = "<group>";
		};
		6B4AD9222A46B48800616B95 /* Onboarding */ = {
			isa = PBXGroup;
			children = (
				6B4AD9232A46B51500616B95 /* OnboardingContainerViewController.swift */,
				6B4AD9252A46D18C00616B95 /* OnboardingViewController.swift */,
			);
			path = Onboarding;
			sourceTree = "<group>";
		};
		6B4AD9292A49750B00616B95 /* Utils */ = {
			isa = PBXGroup;
			children = (
				6B4AD92A2A49753100616B95 /* LocalState.swift */,
				6B4AD92C2A4A7FF400616B95 /* UIViewController+Utils.swift */,
				6BE7A6BF2A4E50CA006CE1A2 /* DecimalUtils.swift */,
				6BE7A6C12A4E5195006CE1A2 /* CurrencyFormatter.swift */,
			);
			path = Utils;
			sourceTree = "<group>";
		};
		6B4AD9302A4BC58A00616B95 /* AccountSummary */ = {
			isa = PBXGroup;
			children = (
				6B4AD9312A4BC5C600616B95 /* AccountSummaryViewController.swift */,
				6BE7A6BB2A4D075A006CE1A2 /* Header */,
				6BE7A6BC2A4D077D006CE1A2 /* Cells */,
			);
			path = AccountSummary;
			sourceTree = "<group>";
		};
		6B54C3D72A4E732300677E44 /* BankeyUnitTests */ = {
			isa = PBXGroup;
			children = (
				6B015A712A4E7962006B6C11 /* CurrencyFormatterTests.swift */,
			);
			path = BankeyUnitTests;
			sourceTree = "<group>";
		};
		6BE7A6BB2A4D075A006CE1A2 /* Header */ = {
			isa = PBXGroup;
			children = (
				6B4AD9332A4BD07F00616B95 /* AccountSummaryHeaderView.swift */,
				6B4AD9352A4BD1F200616B95 /* AccountSummaryHeaderView.xib */,
			);
			path = Header;
			sourceTree = "<group>";
		};
		6BE7A6BC2A4D077D006CE1A2 /* Cells */ = {
			isa = PBXGroup;
			children = (
				6BE7A6BD2A4D07D3006CE1A2 /* AccountSummaryCell.swift */,
			);
			path = Cells;
			sourceTree = "<group>";
		};
/* End PBXGroup section */

/* Begin PBXNativeTarget section */
		6B4AD9062A44075900616B95 /* Bankey */ = {
			isa = PBXNativeTarget;
			buildConfigurationList = 6B4AD91B2A44075A00616B95 /* Build configuration list for PBXNativeTarget "Bankey" */;
			buildPhases = (
				6B4AD9032A44075900616B95 /* Sources */,
				6B4AD9042A44075900616B95 /* Frameworks */,
				6B4AD9052A44075900616B95 /* Resources */,
			);
			buildRules = (
			);
			dependencies = (
			);
			name = Bankey;
			productName = Bankey;
			productReference = 6B4AD9072A44075900616B95 /* Bankey.app */;
			productType = "com.apple.product-type.application";
		};
		6B54C3D52A4E732300677E44 /* BankeyUnitTests */ = {
			isa = PBXNativeTarget;
			buildConfigurationList = 6B54C3DE2A4E732300677E44 /* Build configuration list for PBXNativeTarget "BankeyUnitTests" */;
			buildPhases = (
				6B54C3D22A4E732300677E44 /* Sources */,
				6B54C3D32A4E732300677E44 /* Frameworks */,
				6B54C3D42A4E732300677E44 /* Resources */,
			);
			buildRules = (
			);
			dependencies = (
				6B54C3DB2A4E732300677E44 /* PBXTargetDependency */,
			);
			name = BankeyUnitTests;
			productName = BankeyUnitTests;
			productReference = 6B54C3D62A4E732300677E44 /* BankeyUnitTests.xctest */;
			productType = "com.apple.product-type.bundle.unit-test";
		};
/* End PBXNativeTarget section */

/* Begin PBXProject section */
		6B4AD8FF2A44075900616B95 /* Project object */ = {
			isa = PBXProject;
			attributes = {
				BuildIndependentTargetsInParallel = 1;
				LastSwiftUpdateCheck = 1430;
				LastUpgradeCheck = 1430;
				TargetAttributes = {
					6B4AD9062A44075900616B95 = {
						CreatedOnToolsVersion = 14.3.1;
					};
					6B54C3D52A4E732300677E44 = {
						CreatedOnToolsVersion = 14.3.1;
						LastSwiftMigration = 1430;
						TestTargetID = 6B4AD9062A44075900616B95;
					};
				};
			};
			buildConfigurationList = 6B4AD9022A44075900616B95 /* Build configuration list for PBXProject "Bankey" */;
			compatibilityVersion = "Xcode 14.0";
			developmentRegion = en;
			hasScannedForEncodings = 0;
			knownRegions = (
				en,
				Base,
			);
			mainGroup = 6B4AD8FE2A44075900616B95;
			productRefGroup = 6B4AD9082A44075900616B95 /* Products */;
			projectDirPath = "";
			projectRoot = "";
			targets = (
				6B4AD9062A44075900616B95 /* Bankey */,
				6B54C3D52A4E732300677E44 /* BankeyUnitTests */,
			);
		};
/* End PBXProject section */

/* Begin PBXResourcesBuildPhase section */
		6B4AD9052A44075900616B95 /* Resources */ = {
			isa = PBXResourcesBuildPhase;
			buildActionMask = 2147483647;
			files = (
				6B4AD9362A4BD1F200616B95 /* AccountSummaryHeaderView.xib in Resources */,
				6B4AD9172A44075A00616B95 /* LaunchScreen.storyboard in Resources */,
				6B4AD9142A44075A00616B95 /* Assets.xcassets in Resources */,
			);
			runOnlyForDeploymentPostprocessing = 0;
		};
		6B54C3D42A4E732300677E44 /* Resources */ = {
			isa = PBXResourcesBuildPhase;
			buildActionMask = 2147483647;
			files = (
			);
			runOnlyForDeploymentPostprocessing = 0;
		};
/* End PBXResourcesBuildPhase section */

/* Begin PBXSourcesBuildPhase section */
		6B4AD9032A44075900616B95 /* Sources */ = {
			isa = PBXSourcesBuildPhase;
			buildActionMask = 2147483647;
			files = (
				6B4AD92D2A4A7FF400616B95 /* UIViewController+Utils.swift in Sources */,
				6B4AD9212A4419D600616B95 /* LoginView.swift in Sources */,
				6B4AD92B2A49753100616B95 /* LocalState.swift in Sources */,
				6B4AD9342A4BD07F00616B95 /* AccountSummaryHeaderView.swift in Sources */,
				6B4AD9282A49664D00616B95 /* DummyViewController.swift in Sources */,
				6BE7A6C22A4E5195006CE1A2 /* CurrencyFormatter.swift in Sources */,
				6BE7A6C02A4E50CA006CE1A2 /* DecimalUtils.swift in Sources */,
				6B4AD90F2A44075900616B95 /* LoginViewController.swift in Sources */,
				6BE7A6BE2A4D07D3006CE1A2 /* AccountSummaryCell.swift in Sources */,
				6B4AD9262A46D18C00616B95 /* OnboardingViewController.swift in Sources */,
				6B4AD92F2A4A820000616B95 /* MainViewController.swift in Sources */,
				6B4AD9322A4BC5C600616B95 /* AccountSummaryViewController.swift in Sources */,
				6B4AD90B2A44075900616B95 /* AppDelegate.swift in Sources */,
				6B4AD9242A46B51500616B95 /* OnboardingContainerViewController.swift in Sources */,
			);
			runOnlyForDeploymentPostprocessing = 0;
		};
		6B54C3D22A4E732300677E44 /* Sources */ = {
			isa = PBXSourcesBuildPhase;
			buildActionMask = 2147483647;
			files = (
				6B015A722A4E7962006B6C11 /* CurrencyFormatterTests.swift in Sources */,
			);
			runOnlyForDeploymentPostprocessing = 0;
		};
/* End PBXSourcesBuildPhase section */

/* Begin PBXTargetDependency section */
		6B54C3DB2A4E732300677E44 /* PBXTargetDependency */ = {
			isa = PBXTargetDependency;
			target = 6B4AD9062A44075900616B95 /* Bankey */;
			targetProxy = 6B54C3DA2A4E732300677E44 /* PBXContainerItemProxy */;
		};
/* End PBXTargetDependency section */

/* Begin PBXVariantGroup section */
		6B4AD9152A44075A00616B95 /* LaunchScreen.storyboard */ = {
			isa = PBXVariantGroup;
			children = (
				6B4AD9162A44075A00616B95 /* Base */,
			);
			name = LaunchScreen.storyboard;
			sourceTree = "<group>";
		};
/* End PBXVariantGroup section */

/* Begin XCBuildConfiguration section */
		6B4AD9192A44075A00616B95 /* Debug */ = {
			isa = XCBuildConfiguration;
			buildSettings = {
				ALWAYS_SEARCH_USER_PATHS = NO;
				CLANG_ANALYZER_NONNULL = YES;
				CLANG_ANALYZER_NUMBER_OBJECT_CONVERSION = YES_AGGRESSIVE;
				CLANG_CXX_LANGUAGE_STANDARD = "gnu++20";
				CLANG_ENABLE_MODULES = YES;
				CLANG_ENABLE_OBJC_ARC = YES;
				CLANG_ENABLE_OBJC_WEAK = YES;
				CLANG_WARN_BLOCK_CAPTURE_AUTORELEASING = YES;
				CLANG_WARN_BOOL_CONVERSION = YES;
				CLANG_WARN_COMMA = YES;
				CLANG_WARN_CONSTANT_CONVERSION = YES;
				CLANG_WARN_DEPRECATED_OBJC_IMPLEMENTATIONS = YES;
				CLANG_WARN_DIRECT_OBJC_ISA_USAGE = YES_ERROR;
				CLANG_WARN_DOCUMENTATION_COMMENTS = YES;
				CLANG_WARN_EMPTY_BODY = YES;
				CLANG_WARN_ENUM_CONVERSION = YES;
				CLANG_WARN_INFINITE_RECURSION = YES;
				CLANG_WARN_INT_CONVERSION = YES;
				CLANG_WARN_NON_LITERAL_NULL_CONVERSION = YES;
				CLANG_WARN_OBJC_IMPLICIT_RETAIN_SELF = YES;
				CLANG_WARN_OBJC_LITERAL_CONVERSION = YES;
				CLANG_WARN_OBJC_ROOT_CLASS = YES_ERROR;
				CLANG_WARN_QUOTED_INCLUDE_IN_FRAMEWORK_HEADER = YES;
				CLANG_WARN_RANGE_LOOP_ANALYSIS = YES;
				CLANG_WARN_STRICT_PROTOTYPES = YES;
				CLANG_WARN_SUSPICIOUS_MOVE = YES;
				CLANG_WARN_UNGUARDED_AVAILABILITY = YES_AGGRESSIVE;
				CLANG_WARN_UNREACHABLE_CODE = YES;
				CLANG_WARN__DUPLICATE_METHOD_MATCH = YES;
				COPY_PHASE_STRIP = NO;
				DEBUG_INFORMATION_FORMAT = dwarf;
				ENABLE_STRICT_OBJC_MSGSEND = YES;
				ENABLE_TESTABILITY = YES;
				GCC_C_LANGUAGE_STANDARD = gnu11;
				GCC_DYNAMIC_NO_PIC = NO;
				GCC_NO_COMMON_BLOCKS = YES;
				GCC_OPTIMIZATION_LEVEL = 0;
				GCC_PREPROCESSOR_DEFINITIONS = (
					"DEBUG=1",
					"$(inherited)",
				);
				GCC_WARN_64_TO_32_BIT_CONVERSION = YES;
				GCC_WARN_ABOUT_RETURN_TYPE = YES_ERROR;
				GCC_WARN_UNDECLARED_SELECTOR = YES;
				GCC_WARN_UNINITIALIZED_AUTOS = YES_AGGRESSIVE;
				GCC_WARN_UNUSED_FUNCTION = YES;
				GCC_WARN_UNUSED_VARIABLE = YES;
				IPHONEOS_DEPLOYMENT_TARGET = 16.4;
				MTL_ENABLE_DEBUG_INFO = INCLUDE_SOURCE;
				MTL_FAST_MATH = YES;
				ONLY_ACTIVE_ARCH = YES;
				SDKROOT = iphoneos;
				SWIFT_ACTIVE_COMPILATION_CONDITIONS = DEBUG;
				SWIFT_OPTIMIZATION_LEVEL = "-Onone";
			};
			name = Debug;
		};
		6B4AD91A2A44075A00616B95 /* Release */ = {
			isa = XCBuildConfiguration;
			buildSettings = {
				ALWAYS_SEARCH_USER_PATHS = NO;
				CLANG_ANALYZER_NONNULL = YES;
				CLANG_ANALYZER_NUMBER_OBJECT_CONVERSION = YES_AGGRESSIVE;
				CLANG_CXX_LANGUAGE_STANDARD = "gnu++20";
				CLANG_ENABLE_MODULES = YES;
				CLANG_ENABLE_OBJC_ARC = YES;
				CLANG_ENABLE_OBJC_WEAK = YES;
				CLANG_WARN_BLOCK_CAPTURE_AUTORELEASING = YES;
				CLANG_WARN_BOOL_CONVERSION = YES;
				CLANG_WARN_COMMA = YES;
				CLANG_WARN_CONSTANT_CONVERSION = YES;
				CLANG_WARN_DEPRECATED_OBJC_IMPLEMENTATIONS = YES;
				CLANG_WARN_DIRECT_OBJC_ISA_USAGE = YES_ERROR;
				CLANG_WARN_DOCUMENTATION_COMMENTS = YES;
				CLANG_WARN_EMPTY_BODY = YES;
				CLANG_WARN_ENUM_CONVERSION = YES;
				CLANG_WARN_INFINITE_RECURSION = YES;
				CLANG_WARN_INT_CONVERSION = YES;
				CLANG_WARN_NON_LITERAL_NULL_CONVERSION = YES;
				CLANG_WARN_OBJC_IMPLICIT_RETAIN_SELF = YES;
				CLANG_WARN_OBJC_LITERAL_CONVERSION = YES;
				CLANG_WARN_OBJC_ROOT_CLASS = YES_ERROR;
				CLANG_WARN_QUOTED_INCLUDE_IN_FRAMEWORK_HEADER = YES;
				CLANG_WARN_RANGE_LOOP_ANALYSIS = YES;
				CLANG_WARN_STRICT_PROTOTYPES = YES;
				CLANG_WARN_SUSPICIOUS_MOVE = YES;
				CLANG_WARN_UNGUARDED_AVAILABILITY = YES_AGGRESSIVE;
				CLANG_WARN_UNREACHABLE_CODE = YES;
				CLANG_WARN__DUPLICATE_METHOD_MATCH = YES;
				COPY_PHASE_STRIP = NO;
				DEBUG_INFORMATION_FORMAT = "dwarf-with-dsym";
				ENABLE_NS_ASSERTIONS = NO;
				ENABLE_STRICT_OBJC_MSGSEND = YES;
				GCC_C_LANGUAGE_STANDARD = gnu11;
				GCC_NO_COMMON_BLOCKS = YES;
				GCC_WARN_64_TO_32_BIT_CONVERSION = YES;
				GCC_WARN_ABOUT_RETURN_TYPE = YES_ERROR;
				GCC_WARN_UNDECLARED_SELECTOR = YES;
				GCC_WARN_UNINITIALIZED_AUTOS = YES_AGGRESSIVE;
				GCC_WARN_UNUSED_FUNCTION = YES;
				GCC_WARN_UNUSED_VARIABLE = YES;
				IPHONEOS_DEPLOYMENT_TARGET = 16.4;
				MTL_ENABLE_DEBUG_INFO = NO;
				MTL_FAST_MATH = YES;
				SDKROOT = iphoneos;
				SWIFT_COMPILATION_MODE = wholemodule;
				SWIFT_OPTIMIZATION_LEVEL = "-O";
				VALIDATE_PRODUCT = YES;
			};
			name = Release;
		};
		6B4AD91C2A44075A00616B95 /* Debug */ = {
			isa = XCBuildConfiguration;
			buildSettings = {
				ASSETCATALOG_COMPILER_APPICON_NAME = AppIcon;
				ASSETCATALOG_COMPILER_GLOBAL_ACCENT_COLOR_NAME = AccentColor;
				CODE_SIGN_STYLE = Automatic;
				CURRENT_PROJECT_VERSION = 1;
				DEVELOPMENT_TEAM = MY6C9CN9TM;
				GENERATE_INFOPLIST_FILE = YES;
				INFOPLIST_FILE = Bankey/Info.plist;
				INFOPLIST_KEY_UIApplicationSupportsIndirectInputEvents = YES;
				INFOPLIST_KEY_UILaunchStoryboardName = LaunchScreen;
				INFOPLIST_KEY_UISupportedInterfaceOrientations_iPad = "UIInterfaceOrientationPortrait UIInterfaceOrientationPortraitUpsideDown UIInterfaceOrientationLandscapeLeft UIInterfaceOrientationLandscapeRight";
				INFOPLIST_KEY_UISupportedInterfaceOrientations_iPhone = "UIInterfaceOrientationPortrait UIInterfaceOrientationLandscapeLeft UIInterfaceOrientationLandscapeRight";
				LD_RUNPATH_SEARCH_PATHS = (
					"$(inherited)",
					"@executable_path/Frameworks",
				);
				MARKETING_VERSION = 1.0;
				PRODUCT_BUNDLE_IDENTIFIER = com.jhyun.Bankey;
				PRODUCT_NAME = "$(TARGET_NAME)";
				SWIFT_EMIT_LOC_STRINGS = YES;
				SWIFT_VERSION = 5.0;
				TARGETED_DEVICE_FAMILY = "1,2";
			};
			name = Debug;
		};
		6B4AD91D2A44075A00616B95 /* Release */ = {
			isa = XCBuildConfiguration;
			buildSettings = {
				ASSETCATALOG_COMPILER_APPICON_NAME = AppIcon;
				ASSETCATALOG_COMPILER_GLOBAL_ACCENT_COLOR_NAME = AccentColor;
				CODE_SIGN_STYLE = Automatic;
				CURRENT_PROJECT_VERSION = 1;
				DEVELOPMENT_TEAM = MY6C9CN9TM;
				GENERATE_INFOPLIST_FILE = YES;
				INFOPLIST_FILE = Bankey/Info.plist;
				INFOPLIST_KEY_UIApplicationSupportsIndirectInputEvents = YES;
				INFOPLIST_KEY_UILaunchStoryboardName = LaunchScreen;
				INFOPLIST_KEY_UISupportedInterfaceOrientations_iPad = "UIInterfaceOrientationPortrait UIInterfaceOrientationPortraitUpsideDown UIInterfaceOrientationLandscapeLeft UIInterfaceOrientationLandscapeRight";
				INFOPLIST_KEY_UISupportedInterfaceOrientations_iPhone = "UIInterfaceOrientationPortrait UIInterfaceOrientationLandscapeLeft UIInterfaceOrientationLandscapeRight";
				LD_RUNPATH_SEARCH_PATHS = (
					"$(inherited)",
					"@executable_path/Frameworks",
				);
				MARKETING_VERSION = 1.0;
				PRODUCT_BUNDLE_IDENTIFIER = com.jhyun.Bankey;
				PRODUCT_NAME = "$(TARGET_NAME)";
				SWIFT_EMIT_LOC_STRINGS = YES;
				SWIFT_VERSION = 5.0;
				TARGETED_DEVICE_FAMILY = "1,2";
			};
			name = Release;
		};
		6B54C3DC2A4E732300677E44 /* Debug */ = {
			isa = XCBuildConfiguration;
			buildSettings = {
				BUNDLE_LOADER = "$(TEST_HOST)";
				CLANG_ENABLE_MODULES = YES;
				CODE_SIGN_STYLE = Automatic;
				CURRENT_PROJECT_VERSION = 1;
				DEVELOPMENT_TEAM = MY6C9CN9TM;
				GENERATE_INFOPLIST_FILE = YES;
				MARKETING_VERSION = 1.0;
				PRODUCT_BUNDLE_IDENTIFIER = com.jhyun.BankeyUnitTests;
				PRODUCT_NAME = "$(TARGET_NAME)";
				SWIFT_EMIT_LOC_STRINGS = NO;
				SWIFT_OPTIMIZATION_LEVEL = "-Onone";
				SWIFT_VERSION = 5.0;
				TARGETED_DEVICE_FAMILY = "1,2";
				TEST_HOST = "$(BUILT_PRODUCTS_DIR)/Bankey.app/$(BUNDLE_EXECUTABLE_FOLDER_PATH)/Bankey";
			};
			name = Debug;
		};
		6B54C3DD2A4E732300677E44 /* Release */ = {
			isa = XCBuildConfiguration;
			buildSettings = {
				BUNDLE_LOADER = "$(TEST_HOST)";
				CLANG_ENABLE_MODULES = YES;
				CODE_SIGN_STYLE = Automatic;
				CURRENT_PROJECT_VERSION = 1;
				DEVELOPMENT_TEAM = MY6C9CN9TM;
				GENERATE_INFOPLIST_FILE = YES;
				MARKETING_VERSION = 1.0;
				PRODUCT_BUNDLE_IDENTIFIER = com.jhyun.BankeyUnitTests;
				PRODUCT_NAME = "$(TARGET_NAME)";
				SWIFT_EMIT_LOC_STRINGS = NO;
				SWIFT_VERSION = 5.0;
				TARGETED_DEVICE_FAMILY = "1,2";
				TEST_HOST = "$(BUILT_PRODUCTS_DIR)/Bankey.app/$(BUNDLE_EXECUTABLE_FOLDER_PATH)/Bankey";
			};
			name = Release;
		};
/* End XCBuildConfiguration section */

/* Begin XCConfigurationList section */
		6B4AD9022A44075900616B95 /* Build configuration list for PBXProject "Bankey" */ = {
			isa = XCConfigurationList;
			buildConfigurations = (
				6B4AD9192A44075A00616B95 /* Debug */,
				6B4AD91A2A44075A00616B95 /* Release */,
			);
			defaultConfigurationIsVisible = 0;
			defaultConfigurationName = Release;
		};
		6B4AD91B2A44075A00616B95 /* Build configuration list for PBXNativeTarget "Bankey" */ = {
			isa = XCConfigurationList;
			buildConfigurations = (
				6B4AD91C2A44075A00616B95 /* Debug */,
				6B4AD91D2A44075A00616B95 /* Release */,
			);
			defaultConfigurationIsVisible = 0;
			defaultConfigurationName = Release;
		};
		6B54C3DE2A4E732300677E44 /* Build configuration list for PBXNativeTarget "BankeyUnitTests" */ = {
			isa = XCConfigurationList;
			buildConfigurations = (
				6B54C3DC2A4E732300677E44 /* Debug */,
				6B54C3DD2A4E732300677E44 /* Release */,
			);
			defaultConfigurationIsVisible = 0;
			defaultConfigurationName = Release;
		};
/* End XCConfigurationList section */
	};
	rootObject = 6B4AD8FF2A44075900616B95 /* Project object */;
}
